
Microsoft Visual Studio Solution File, Format Version 12.00
# Visual Studio Version 17
VisualStudioVersion = 17.10.35027.167
MinimumVisualStudioVersion = 10.0.40219.1
Project("{9A19103F-16F7-4668-BE54-9A1E7A4F7556}") = "OpdrachtAPI", "OpdrachtAPI\OpdrachtAPI.csproj", "{BF9D5BB4-B3BA-4139-ABA1-EBDB193AE976}"
EndProject
Project("{FAE04EC0-301F-11D3-BF4B-00C04F79EFBC}") = "OpdrachtAPI.Tests", "OpdrachtAPI.Tests\OpdrachtAPI.Tests.csproj", "{C03985AB-E6DB-431C-8E5F-018B037F93E4}"
EndProject
Global
	GlobalSection(SolutionConfigurationPlatforms) = preSolution
		Debug|Any CPU = Debug|Any CPU
		Release|Any CPU = Release|Any CPU
	EndGlobalSection
	GlobalSection(ProjectConfigurationPlatforms) = postSolution
		{BF9D5BB4-B3BA-4139-ABA1-EBDB193AE976}.Debug|Any CPU.ActiveCfg = Debug|Any CPU
		{BF9D5BB4-B3BA-4139-ABA1-EBDB193AE976}.Debug|Any CPU.Build.0 = Debug|Any CPU
		{BF9D5BB4-B3BA-4139-ABA1-EBDB193AE976}.Release|Any CPU.ActiveCfg = Release|Any CPU
		{BF9D5BB4-B3BA-4139-ABA1-EBDB193AE976}.Release|Any CPU.Build.0 = Release|Any CPU
		{C03985AB-E6DB-431C-8E5F-018B037F93E4}.Debug|Any CPU.ActiveCfg = Debug|Any CPU
		{C03985AB-E6DB-431C-8E5F-018B037F93E4}.Debug|Any CPU.Build.0 = Debug|Any CPU
		{C03985AB-E6DB-431C-8E5F-018B037F93E4}.Release|Any CPU.ActiveCfg = Release|Any CPU
		{C03985AB-E6DB-431C-8E5F-018B037F93E4}.Release|Any CPU.Build.0 = Release|Any CPU
	EndGlobalSection
	GlobalSection(SolutionProperties) = preSolution
		HideSolutionNode = FALSE
	EndGlobalSection
	GlobalSection(ExtensibilityGlobals) = postSolution
		SolutionGuid = {289B7042-9D24-427B-890F-2B6509D0B267}
	EndGlobalSection
EndGlobal
